{
  "version": 4,
  "terraform_version": "1.14.0",
  "serial": 3,
  "lineage": "3a94c8a8-7005-38b0-58e1-ea007b295d0b",
  "outputs": {},
  "resources": [
    {
      "mode": "managed",
      "type": "hcp_hvn",
      "name": "main_hvn",
      "provider": "provider[\"registry.terraform.io/hashicorp/hcp\"]",
      "instances": [
        {
          "schema_version": 0,
          "attributes": {
            "cidr_block": "10.0.0.0/16",
            "cloud_provider": "aws",
            "created_at": "2026-03-26T07:56:49.000Z",
            "hvn_id": "ansible-lab-hvn",
            "id": "/project/491b338f-0b95-4e97-a370-e09fd19c840d/hashicorp.network.hvn/ansible-lab-hvn",
            "organization_id": "0166146a-bcca-4dc9-866e-b43004c60c7c",
            "project_id": "491b338f-0b95-4e97-a370-e09fd19c840d",
            "provider_account_id": "541167680961",
            "region": "ap-southeast-1",
            "self_link": "/project/491b338f-0b95-4e97-a370-e09fd19c840d/hashicorp.network.hvn/ansible-lab-hvn",
            "state": "STABLE",
            "timeouts": null
          },
          "sensitive_attributes": [],
          "identity_schema_version": 0,
          "private": "eyJlMmJmYjczMC1lY2FhLTExZTYtOGY4OC0zNDM2M2JjN2M0YzAiOnsiY3JlYXRlIjo2MDAwMDAwMDAwMDAsImRlZmF1bHQiOjYwMDAwMDAwMDAwLCJkZWxldGUiOjYwMDAwMDAwMDAwMCwicmVhZCI6NjAwMDAwMDAwMDAsInVwZGF0ZSI6NjAwMDAwMDAwMDB9fQ=="
        }
      ]
    },
    {
      "mode": "managed",
      "type": "hcp_vault_cluster",
      "name": "vault_cluster",
      "provider": "provider[\"registry.terraform.io/hashicorp/hcp\"]",
      "instances": [
        {
          "status": "tainted",
          "schema_version": 0,
          "attributes": {
            "audit_log_config": [],
            "cloud_provider": null,
            "cluster_id": "ansible-vault-cluster",
            "created_at": null,
            "hvn_id": "ansible-lab-hvn",
            "id": "/project/491b338f-0b95-4e97-a370-e09fd19c840d/hashicorp.vault.cluster/ansible-vault-cluster",
            "major_version_upgrade_config": null,
            "metrics_config": [],
            "min_vault_version": null,
            "namespace": null,
            "organization_id": null,
            "paths_filter": null,
            "primary_link": null,
            "project_id": null,
            "proxy_endpoint": "DISABLED",
            "public_endpoint": true,
            "region": null,
            "self_link": null,
            "state": null,
            "tier": "dev",
            "timeouts": null,
            "vault_private_endpoint_url": null,
            "vault_proxy_endpoint_url": null,
            "vault_public_endpoint_url": null,
            "vault_version": null
          },
          "sensitive_attributes": [],
          "identity_schema_version": 0,
          "private": "eyJlMmJmYjczMC1lY2FhLTExZTYtOGY4OC0zNDM2M2JjN2M0YzAiOnsiY3JlYXRlIjo0NTAwMDAwMDAwMDAwLCJkZWZhdWx0IjozMDAwMDAwMDAwMDAsImRlbGV0ZSI6NDUwMDAwMDAwMDAwMCwicmVhZCI6MzAwMDAwMDAwMDAwLCJ1cGRhdGUiOjQ1MDAwMDAwMDAwMDB9fQ==",
          "dependencies": [
            "hcp_hvn.main_hvn"
          ]
        }
      ]
    }
  ],
  "check_results": null
}
